
Microsoft Visual Studio Solution File, Format Version 12.00
# Visual Studio 15
VisualStudioVersion = 15.0.26228.12
MinimumVisualStudioVersion = 10.0.40219.1
Project("{FAE04EC0-301F-11D3-BF4B-00C04F79EFBC}") = "CSharpTests", "CSharpTests\CSharpTests.csproj", "{231B2C57-A62A-4F65-9156-8E663D43FD69}"
EndProject
Project("{FAE04EC0-301F-11D3-BF4B-00C04F79EFBC}") = "CSharp", "CSharp\CSharp.csproj", "{AFA398E0-3399-447F-AF54-BD3440F448D9}"
EndProject
Global
	GlobalSection(SolutionConfigurationPlatforms) = preSolution
		Debug|Any CPU = Debug|Any CPU
		Release|Any CPU = Release|Any CPU
	EndGlobalSection
	GlobalSection(ProjectConfigurationPlatforms) = postSolution
		{231B2C57-A62A-4F65-9156-8E663D43FD69}.Debug|Any CPU.ActiveCfg = Debug|Any CPU
		{231B2C57-A62A-4F65-9156-8E663D43FD69}.Debug|Any CPU.Build.0 = Debug|Any CPU
		{231B2C57-A62A-4F65-9156-8E663D43FD69}.Release|Any CPU.ActiveCfg = Release|Any CPU
		{231B2C57-A62A-4F65-9156-8E663D43FD69}.Release|Any CPU.Build.0 = Release|Any CPU
		{AFA398E0-3399-447F-AF54-BD3440F448D9}.Debug|Any CPU.ActiveCfg = Debug|Any CPU
		{AFA398E0-3399-447F-AF54-BD3440F448D9}.Debug|Any CPU.Build.0 = Debug|Any CPU
		{AFA398E0-3399-447F-AF54-BD3440F448D9}.Release|Any CPU.ActiveCfg = Release|Any CPU
		{AFA398E0-3399-447F-AF54-BD3440F448D9}.Release|Any CPU.Build.0 = Release|Any CPU
	EndGlobalSection
	GlobalSection(SolutionProperties) = preSolution
		HideSolutionNode = FALSE
	EndGlobalSection
EndGlobal
